// !$*UTF8*$!
{
	archiveVersion = 1;
	classes = {
	};
	objectVersion = 51;
	objects = {

/* Begin PBXBuildFile section */
		A185E18821E9B071003000F2 /* AppDelegate.swift in Sources */ = {isa = PBXBuildFile; fileRef = A185E18721E9B071003000F2 /* AppDelegate.swift */; };
		A185E18A21E9B071003000F2 /* ViewController.swift in Sources */ = {isa = PBXBuildFile; fileRef = A185E18921E9B071003000F2 /* ViewController.swift */; };
		A185E18D21E9B071003000F2 /* Main.storyboard in Resources */ = {isa = PBXBuildFile; fileRef = A185E18B21E9B071003000F2 /* Main.storyboard */; };
		A185E18F21E9B074003000F2 /* Assets.xcassets in Resources */ = {isa = PBXBuildFile; fileRef = A185E18E21E9B074003000F2 /* Assets.xcassets */; };
		A185E19221E9B074003000F2 /* LaunchScreen.storyboard in Resources */ = {isa = PBXBuildFile; fileRef = A185E19021E9B074003000F2 /* LaunchScreen.storyboard */; };
		A185E19D21E9B074003000F2 /* sample_architectureTests.swift in Sources */ = {isa = PBXBuildFile; fileRef = A185E19C21E9B074003000F2 /* sample_architectureTests.swift */; };
		A185E1A821E9B074003000F2 /* sample_architectureUITests.swift in Sources */ = {isa = PBXBuildFile; fileRef = A185E1A721E9B074003000F2 /* sample_architectureUITests.swift */; };
		A185E1C021E9B94E003000F2 /* RxSwift.framework in Frameworks */ = {isa = PBXBuildFile; fileRef = A185E1B621E9B94E003000F2 /* RxSwift.framework */; };
		A185E1C121E9B94E003000F2 /* RxCocoa.framework in Frameworks */ = {isa = PBXBuildFile; fileRef = A185E1B721E9B94E003000F2 /* RxCocoa.framework */; };
		A185E1C221E9B94E003000F2 /* Alamofire.framework in Frameworks */ = {isa = PBXBuildFile; fileRef = A185E1B821E9B94E003000F2 /* Alamofire.framework */; };
		A185E1C321E9B94E003000F2 /* Result.framework in Frameworks */ = {isa = PBXBuildFile; fileRef = A185E1B921E9B94E003000F2 /* Result.framework */; };
		A185E1C421E9B94E003000F2 /* Nuke.framework in Frameworks */ = {isa = PBXBuildFile; fileRef = A185E1BA21E9B94E003000F2 /* Nuke.framework */; };
		A185E1C521E9B94E003000F2 /* RxAtomic.framework in Frameworks */ = {isa = PBXBuildFile; fileRef = A185E1BB21E9B94E003000F2 /* RxAtomic.framework */; };
		A185E1C621E9B94E003000F2 /* RxMoya.framework in Frameworks */ = {isa = PBXBuildFile; fileRef = A185E1BC21E9B94E003000F2 /* RxMoya.framework */; };
		A185E1C721E9B94E003000F2 /* Moya.framework in Frameworks */ = {isa = PBXBuildFile; fileRef = A185E1BD21E9B94E003000F2 /* Moya.framework */; };
		A185E1C821E9B94E003000F2 /* RxNuke.framework in Frameworks */ = {isa = PBXBuildFile; fileRef = A185E1BE21E9B94E003000F2 /* RxNuke.framework */; };
		A185E1C921E9B94E003000F2 /* SwiftyBeaver.framework in Frameworks */ = {isa = PBXBuildFile; fileRef = A185E1BF21E9B94E003000F2 /* SwiftyBeaver.framework */; };
		A185E1FC21E9C00A003000F2 /* SampleArchitectureDataLayer.framework in Frameworks */ = {isa = PBXBuildFile; fileRef = A185E1F321E9C00A003000F2 /* SampleArchitectureDataLayer.framework */; };
		A185E20321E9C00A003000F2 /* SampleArchitectureDataLayerTests.swift in Sources */ = {isa = PBXBuildFile; fileRef = A185E20221E9C00A003000F2 /* SampleArchitectureDataLayerTests.swift */; };
		A185E20521E9C00A003000F2 /* SampleArchitectureDataLayer.h in Headers */ = {isa = PBXBuildFile; fileRef = A185E1F521E9C00A003000F2 /* SampleArchitectureDataLayer.h */; settings = {ATTRIBUTES = (Public, ); }; };
		A185E20821E9C00A003000F2 /* SampleArchitectureDataLayer.framework in Frameworks */ = {isa = PBXBuildFile; fileRef = A185E1F321E9C00A003000F2 /* SampleArchitectureDataLayer.framework */; };
		A185E20921E9C00A003000F2 /* SampleArchitectureDataLayer.framework in Embed Frameworks */ = {isa = PBXBuildFile; fileRef = A185E1F321E9C00A003000F2 /* SampleArchitectureDataLayer.framework */; settings = {ATTRIBUTES = (CodeSignOnCopy, RemoveHeadersOnCopy, ); }; };
/* End PBXBuildFile section */

/* Begin PBXContainerItemProxy section */
		A185E19921E9B074003000F2 /* PBXContainerItemProxy */ = {
			isa = PBXContainerItemProxy;
			containerPortal = A185E17C21E9B071003000F2 /* Project object */;
			proxyType = 1;
			remoteGlobalIDString = A185E18321E9B071003000F2;
			remoteInfo = "sample-architecture";
		};
		A185E1A421E9B074003000F2 /* PBXContainerItemProxy */ = {
			isa = PBXContainerItemProxy;
			containerPortal = A185E17C21E9B071003000F2 /* Project object */;
			proxyType = 1;
			remoteGlobalIDString = A185E18321E9B071003000F2;
			remoteInfo = "sample-architecture";
		};
		A185E1FD21E9C00A003000F2 /* PBXContainerItemProxy */ = {
			isa = PBXContainerItemProxy;
			containerPortal = A185E17C21E9B071003000F2 /* Project object */;
			proxyType = 1;
			remoteGlobalIDString = A185E1F221E9C00A003000F2;
			remoteInfo = SampleArchitectureDataLayer;
		};
		A185E1FF21E9C00A003000F2 /* PBXContainerItemProxy */ = {
			isa = PBXContainerItemProxy;
			containerPortal = A185E17C21E9B071003000F2 /* Project object */;
			proxyType = 1;
			remoteGlobalIDString = A185E18321E9B071003000F2;
			remoteInfo = SampleArchitecture;
		};
		A185E20621E9C00A003000F2 /* PBXContainerItemProxy */ = {
			isa = PBXContainerItemProxy;
			containerPortal = A185E17C21E9B071003000F2 /* Project object */;
			proxyType = 1;
			remoteGlobalIDString = A185E1F221E9C00A003000F2;
			remoteInfo = SampleArchitectureDataLayer;
		};
/* End PBXContainerItemProxy section */

/* Begin PBXCopyFilesBuildPhase section */
		A185E1EA21E9BE7F003000F2 /* Embed Frameworks */ = {
			isa = PBXCopyFilesBuildPhase;
			buildActionMask = 2147483647;
			dstPath = "";
			dstSubfolderSpec = 10;
			files = (
				A185E20921E9C00A003000F2 /* SampleArchitectureDataLayer.framework in Embed Frameworks */,
			);
			name = "Embed Frameworks";
			runOnlyForDeploymentPostprocessing = 0;
		};
/* End PBXCopyFilesBuildPhase section */

/* Begin PBXFileReference section */
		A185E18421E9B071003000F2 /* SampleArchitecture.app */ = {isa = PBXFileReference; explicitFileType = wrapper.application; includeInIndex = 0; path = SampleArchitecture.app; sourceTree = BUILT_PRODUCTS_DIR; };
		A185E18721E9B071003000F2 /* AppDelegate.swift */ = {isa = PBXFileReference; lastKnownFileType = sourcecode.swift; path = AppDelegate.swift; sourceTree = "<group>"; };
		A185E18921E9B071003000F2 /* ViewController.swift */ = {isa = PBXFileReference; lastKnownFileType = sourcecode.swift; path = ViewController.swift; sourceTree = "<group>"; };
		A185E18C21E9B071003000F2 /* Base */ = {isa = PBXFileReference; lastKnownFileType = file.storyboard; name = Base; path = Base.lproj/Main.storyboard; sourceTree = "<group>"; };
		A185E18E21E9B074003000F2 /* Assets.xcassets */ = {isa = PBXFileReference; lastKnownFileType = folder.assetcatalog; path = Assets.xcassets; sourceTree = "<group>"; };
		A185E19121E9B074003000F2 /* Base */ = {isa = PBXFileReference; lastKnownFileType = file.storyboard; name = Base; path = Base.lproj/LaunchScreen.storyboard; sourceTree = "<group>"; };
		A185E19321E9B074003000F2 /* Info.plist */ = {isa = PBXFileReference; lastKnownFileType = text.plist.xml; path = Info.plist; sourceTree = "<group>"; };
		A185E19821E9B074003000F2 /* SampleArchitectureTests.xctest */ = {isa = PBXFileReference; explicitFileType = wrapper.cfbundle; includeInIndex = 0; path = SampleArchitectureTests.xctest; sourceTree = BUILT_PRODUCTS_DIR; };
		A185E19C21E9B074003000F2 /* sample_architectureTests.swift */ = {isa = PBXFileReference; lastKnownFileType = sourcecode.swift; path = sample_architectureTests.swift; sourceTree = "<group>"; };
		A185E19E21E9B074003000F2 /* Info.plist */ = {isa = PBXFileReference; lastKnownFileType = text.plist.xml; path = Info.plist; sourceTree = "<group>"; };
		A185E1A321E9B074003000F2 /* SampleArchitectureUITests.xctest */ = {isa = PBXFileReference; explicitFileType = wrapper.cfbundle; includeInIndex = 0; path = SampleArchitectureUITests.xctest; sourceTree = BUILT_PRODUCTS_DIR; };
		A185E1A721E9B074003000F2 /* sample_architectureUITests.swift */ = {isa = PBXFileReference; lastKnownFileType = sourcecode.swift; path = sample_architectureUITests.swift; sourceTree = "<group>"; };
		A185E1A921E9B074003000F2 /* Info.plist */ = {isa = PBXFileReference; lastKnownFileType = text.plist.xml; path = Info.plist; sourceTree = "<group>"; };
		A185E1B621E9B94E003000F2 /* RxSwift.framework */ = {isa = PBXFileReference; lastKnownFileType = wrapper.framework; name = RxSwift.framework; path = Carthage/Build/iOS/RxSwift.framework; sourceTree = "<group>"; };
		A185E1B721E9B94E003000F2 /* RxCocoa.framework */ = {isa = PBXFileReference; lastKnownFileType = wrapper.framework; name = RxCocoa.framework; path = Carthage/Build/iOS/RxCocoa.framework; sourceTree = "<group>"; };
		A185E1B821E9B94E003000F2 /* Alamofire.framework */ = {isa = PBXFileReference; lastKnownFileType = wrapper.framework; name = Alamofire.framework; path = Carthage/Build/iOS/Alamofire.framework; sourceTree = "<group>"; };
		A185E1B921E9B94E003000F2 /* Result.framework */ = {isa = PBXFileReference; lastKnownFileType = wrapper.framework; name = Result.framework; path = Carthage/Build/iOS/Result.framework; sourceTree = "<group>"; };
		A185E1BA21E9B94E003000F2 /* Nuke.framework */ = {isa = PBXFileReference; lastKnownFileType = wrapper.framework; name = Nuke.framework; path = Carthage/Build/iOS/Nuke.framework; sourceTree = "<group>"; };
		A185E1BB21E9B94E003000F2 /* RxAtomic.framework */ = {isa = PBXFileReference; lastKnownFileType = wrapper.framework; name = RxAtomic.framework; path = Carthage/Build/iOS/RxAtomic.framework; sourceTree = "<group>"; };
		A185E1BC21E9B94E003000F2 /* RxMoya.framework */ = {isa = PBXFileReference; lastKnownFileType = wrapper.framework; name = RxMoya.framework; path = Carthage/Build/iOS/RxMoya.framework; sourceTree = "<group>"; };
		A185E1BD21E9B94E003000F2 /* Moya.framework */ = {isa = PBXFileReference; lastKnownFileType = wrapper.framework; name = Moya.framework; path = Carthage/Build/iOS/Moya.framework; sourceTree = "<group>"; };
		A185E1BE21E9B94E003000F2 /* RxNuke.framework */ = {isa = PBXFileReference; lastKnownFileType = wrapper.framework; name = RxNuke.framework; path = Carthage/Build/iOS/RxNuke.framework; sourceTree = "<group>"; };
		A185E1BF21E9B94E003000F2 /* SwiftyBeaver.framework */ = {isa = PBXFileReference; lastKnownFileType = wrapper.framework; name = SwiftyBeaver.framework; path = Carthage/Build/iOS/SwiftyBeaver.framework; sourceTree = "<group>"; };
		A185E1F321E9C00A003000F2 /* SampleArchitectureDataLayer.framework */ = {isa = PBXFileReference; explicitFileType = wrapper.framework; includeInIndex = 0; path = SampleArchitectureDataLayer.framework; sourceTree = BUILT_PRODUCTS_DIR; };
		A185E1F521E9C00A003000F2 /* SampleArchitectureDataLayer.h */ = {isa = PBXFileReference; lastKnownFileType = sourcecode.c.h; path = SampleArchitectureDataLayer.h; sourceTree = "<group>"; };
		A185E1F621E9C00A003000F2 /* Info.plist */ = {isa = PBXFileReference; lastKnownFileType = text.plist.xml; path = Info.plist; sourceTree = "<group>"; };
		A185E1FB21E9C00A003000F2 /* SampleArchitectureDataLayerTests.xctest */ = {isa = PBXFileReference; explicitFileType = wrapper.cfbundle; includeInIndex = 0; path = SampleArchitectureDataLayerTests.xctest; sourceTree = BUILT_PRODUCTS_DIR; };
		A185E20221E9C00A003000F2 /* SampleArchitectureDataLayerTests.swift */ = {isa = PBXFileReference; lastKnownFileType = sourcecode.swift; path = SampleArchitectureDataLayerTests.swift; sourceTree = "<group>"; };
		A185E20421E9C00A003000F2 /* Info.plist */ = {isa = PBXFileReference; lastKnownFileType = text.plist.xml; path = Info.plist; sourceTree = "<group>"; };
/* End PBXFileReference section */

/* Begin PBXFrameworksBuildPhase section */
		A185E18121E9B071003000F2 /* Frameworks */ = {
			isa = PBXFrameworksBuildPhase;
			buildActionMask = 2147483647;
			files = (
				A185E1C021E9B94E003000F2 /* RxSwift.framework in Frameworks */,
				A185E1C121E9B94E003000F2 /* RxCocoa.framework in Frameworks */,
				A185E1C221E9B94E003000F2 /* Alamofire.framework in Frameworks */,
				A185E20821E9C00A003000F2 /* SampleArchitectureDataLayer.framework in Frameworks */,
				A185E1C321E9B94E003000F2 /* Result.framework in Frameworks */,
				A185E1C421E9B94E003000F2 /* Nuke.framework in Frameworks */,
				A185E1C521E9B94E003000F2 /* RxAtomic.framework in Frameworks */,
				A185E1C621E9B94E003000F2 /* RxMoya.framework in Frameworks */,
				A185E1C721E9B94E003000F2 /* Moya.framework in Frameworks */,
				A185E1C821E9B94E003000F2 /* RxNuke.framework in Frameworks */,
				A185E1C921E9B94E003000F2 /* SwiftyBeaver.framework in Frameworks */,
			);
			runOnlyForDeploymentPostprocessing = 0;
		};
		A185E19521E9B074003000F2 /* Frameworks */ = {
			isa = PBXFrameworksBuildPhase;
			buildActionMask = 2147483647;
			files = (
			);
			runOnlyForDeploymentPostprocessing = 0;
		};
		A185E1A021E9B074003000F2 /* Frameworks */ = {
			isa = PBXFrameworksBuildPhase;
			buildActionMask = 2147483647;
			files = (
			);
			runOnlyForDeploymentPostprocessing = 0;
		};
		A185E1F021E9C00A003000F2 /* Frameworks */ = {
			isa = PBXFrameworksBuildPhase;
			buildActionMask = 2147483647;
			files = (
			);
			runOnlyForDeploymentPostprocessing = 0;
		};
		A185E1F821E9C00A003000F2 /* Frameworks */ = {
			isa = PBXFrameworksBuildPhase;
			buildActionMask = 2147483647;
			files = (
				A185E1FC21E9C00A003000F2 /* SampleArchitectureDataLayer.framework in Frameworks */,
			);
			runOnlyForDeploymentPostprocessing = 0;
		};
/* End PBXFrameworksBuildPhase section */

/* Begin PBXGroup section */
		A185E17B21E9B071003000F2 = {
			isa = PBXGroup;
			children = (
				A185E18621E9B071003000F2 /* SampleArchitecture */,
				A185E19B21E9B074003000F2 /* SampleArchitectureTests */,
				A185E1A621E9B074003000F2 /* SampleArchitectureUITests */,
				A185E1F421E9C00A003000F2 /* SampleArchitectureDataLayer */,
				A185E20121E9C00A003000F2 /* SampleArchitectureDataLayerTests */,
				A185E18521E9B071003000F2 /* Products */,
				A185E1B521E9B94D003000F2 /* Frameworks */,
			);
			sourceTree = "<group>";
		};
		A185E18521E9B071003000F2 /* Products */ = {
			isa = PBXGroup;
			children = (
				A185E18421E9B071003000F2 /* SampleArchitecture.app */,
				A185E19821E9B074003000F2 /* SampleArchitectureTests.xctest */,
				A185E1A321E9B074003000F2 /* SampleArchitectureUITests.xctest */,
				A185E1F321E9C00A003000F2 /* SampleArchitectureDataLayer.framework */,
				A185E1FB21E9C00A003000F2 /* SampleArchitectureDataLayerTests.xctest */,
			);
			name = Products;
			sourceTree = "<group>";
		};
		A185E18621E9B071003000F2 /* SampleArchitecture */ = {
			isa = PBXGroup;
			children = (
				A185E18721E9B071003000F2 /* AppDelegate.swift */,
				A185E18921E9B071003000F2 /* ViewController.swift */,
				A185E18B21E9B071003000F2 /* Main.storyboard */,
				A185E18E21E9B074003000F2 /* Assets.xcassets */,
				A185E19021E9B074003000F2 /* LaunchScreen.storyboard */,
				A185E19321E9B074003000F2 /* Info.plist */,
			);
			path = SampleArchitecture;
			sourceTree = "<group>";
		};
		A185E19B21E9B074003000F2 /* SampleArchitectureTests */ = {
			isa = PBXGroup;
			children = (
				A185E19C21E9B074003000F2 /* sample_architectureTests.swift */,
				A185E19E21E9B074003000F2 /* Info.plist */,
			);
			path = SampleArchitectureTests;
			sourceTree = "<group>";
		};
		A185E1A621E9B074003000F2 /* SampleArchitectureUITests */ = {
			isa = PBXGroup;
			children = (
				A185E1A721E9B074003000F2 /* sample_architectureUITests.swift */,
				A185E1A921E9B074003000F2 /* Info.plist */,
			);
			path = SampleArchitectureUITests;
			sourceTree = "<group>";
		};
		A185E1B521E9B94D003000F2 /* Frameworks */ = {
			isa = PBXGroup;
			children = (
				A185E1B821E9B94E003000F2 /* Alamofire.framework */,
				A185E1BD21E9B94E003000F2 /* Moya.framework */,
				A185E1BA21E9B94E003000F2 /* Nuke.framework */,
				A185E1B921E9B94E003000F2 /* Result.framework */,
				A185E1BB21E9B94E003000F2 /* RxAtomic.framework */,
				A185E1B721E9B94E003000F2 /* RxCocoa.framework */,
				A185E1BC21E9B94E003000F2 /* RxMoya.framework */,
				A185E1BE21E9B94E003000F2 /* RxNuke.framework */,
				A185E1B621E9B94E003000F2 /* RxSwift.framework */,
				A185E1BF21E9B94E003000F2 /* SwiftyBeaver.framework */,
			);
			name = Frameworks;
			sourceTree = "<group>";
		};
		A185E1F421E9C00A003000F2 /* SampleArchitectureDataLayer */ = {
			isa = PBXGroup;
			children = (
				A185E1F521E9C00A003000F2 /* SampleArchitectureDataLayer.h */,
				A185E1F621E9C00A003000F2 /* Info.plist */,
			);
			path = SampleArchitectureDataLayer;
			sourceTree = "<group>";
		};
		A185E20121E9C00A003000F2 /* SampleArchitectureDataLayerTests */ = {
			isa = PBXGroup;
			children = (
				A185E20221E9C00A003000F2 /* SampleArchitectureDataLayerTests.swift */,
				A185E20421E9C00A003000F2 /* Info.plist */,
			);
			path = SampleArchitectureDataLayerTests;
			sourceTree = "<group>";
		};
/* End PBXGroup section */

/* Begin PBXHeadersBuildPhase section */
		A185E1EE21E9C00A003000F2 /* Headers */ = {
			isa = PBXHeadersBuildPhase;
			buildActionMask = 2147483647;
			files = (
				A185E20521E9C00A003000F2 /* SampleArchitectureDataLayer.h in Headers */,
			);
			runOnlyForDeploymentPostprocessing = 0;
		};
/* End PBXHeadersBuildPhase section */

/* Begin PBXNativeTarget section */
		A185E18321E9B071003000F2 /* SampleArchitecture */ = {
			isa = PBXNativeTarget;
			buildConfigurationList = A185E1AC21E9B074003000F2 /* Build configuration list for PBXNativeTarget "SampleArchitecture" */;
			buildPhases = (
				A185E18021E9B071003000F2 /* Sources */,
				A185E18121E9B071003000F2 /* Frameworks */,
				A185E18221E9B071003000F2 /* Resources */,
				A185E1CA21E9B98F003000F2 /* Run Script Carthage */,
				A185E1EA21E9BE7F003000F2 /* Embed Frameworks */,
			);
			buildRules = (
			);
			dependencies = (
				A185E20721E9C00A003000F2 /* PBXTargetDependency */,
			);
			name = SampleArchitecture;
			productName = "sample-architecture";
			productReference = A185E18421E9B071003000F2 /* SampleArchitecture.app */;
			productType = "com.apple.product-type.application";
		};
		A185E19721E9B074003000F2 /* SampleArchitectureTests */ = {
			isa = PBXNativeTarget;
			buildConfigurationList = A185E1AF21E9B074003000F2 /* Build configuration list for PBXNativeTarget "SampleArchitectureTests" */;
			buildPhases = (
				A185E19421E9B074003000F2 /* Sources */,
				A185E19521E9B074003000F2 /* Frameworks */,
				A185E19621E9B074003000F2 /* Resources */,
			);
			buildRules = (
			);
			dependencies = (
				A185E19A21E9B074003000F2 /* PBXTargetDependency */,
			);
			name = SampleArchitectureTests;
			productName = "sample-architectureTests";
			productReference = A185E19821E9B074003000F2 /* SampleArchitectureTests.xctest */;
			productType = "com.apple.product-type.bundle.unit-test";
		};
		A185E1A221E9B074003000F2 /* SampleArchitectureUITests */ = {
			isa = PBXNativeTarget;
			buildConfigurationList = A185E1B221E9B074003000F2 /* Build configuration list for PBXNativeTarget "SampleArchitectureUITests" */;
			buildPhases = (
				A185E19F21E9B074003000F2 /* Sources */,
				A185E1A021E9B074003000F2 /* Frameworks */,
				A185E1A121E9B074003000F2 /* Resources */,
			);
			buildRules = (
			);
			dependencies = (
				A185E1A521E9B074003000F2 /* PBXTargetDependency */,
			);
			name = SampleArchitectureUITests;
			productName = "sample-architectureUITests";
			productReference = A185E1A321E9B074003000F2 /* SampleArchitectureUITests.xctest */;
			productType = "com.apple.product-type.bundle.ui-testing";
		};
		A185E1F221E9C00A003000F2 /* SampleArchitectureDataLayer */ = {
			isa = PBXNativeTarget;
			buildConfigurationList = A185E20A21E9C00A003000F2 /* Build configuration list for PBXNativeTarget "SampleArchitectureDataLayer" */;
			buildPhases = (
				A185E1EE21E9C00A003000F2 /* Headers */,
				A185E1EF21E9C00A003000F2 /* Sources */,
				A185E1F021E9C00A003000F2 /* Frameworks */,
				A185E1F121E9C00A003000F2 /* Resources */,
			);
			buildRules = (
			);
			dependencies = (
			);
			name = SampleArchitectureDataLayer;
			productName = SampleArchitectureDataLayer;
			productReference = A185E1F321E9C00A003000F2 /* SampleArchitectureDataLayer.framework */;
			productType = "com.apple.product-type.framework";
		};
		A185E1FA21E9C00A003000F2 /* SampleArchitectureDataLayerTests */ = {
			isa = PBXNativeTarget;
			buildConfigurationList = A185E20D21E9C00A003000F2 /* Build configuration list for PBXNativeTarget "SampleArchitectureDataLayerTests" */;
			buildPhases = (
				A185E1F721E9C00A003000F2 /* Sources */,
				A185E1F821E9C00A003000F2 /* Frameworks */,
				A185E1F921E9C00A003000F2 /* Resources */,
			);
			buildRules = (
			);
			dependencies = (
				A185E1FE21E9C00A003000F2 /* PBXTargetDependency */,
				A185E20021E9C00A003000F2 /* PBXTargetDependency */,
			);
			name = SampleArchitectureDataLayerTests;
			productName = SampleArchitectureDataLayerTests;
			productReference = A185E1FB21E9C00A003000F2 /* SampleArchitectureDataLayerTests.xctest */;
			productType = "com.apple.product-type.bundle.unit-test";
		};
/* End PBXNativeTarget section */

/* Begin PBXProject section */
		A185E17C21E9B071003000F2 /* Project object */ = {
			isa = PBXProject;
			attributes = {
				LastSwiftUpdateCheck = 1010;
				LastUpgradeCheck = 1010;
				ORGANIZATIONNAME = tosaka.net;
				TargetAttributes = {
					A185E18321E9B071003000F2 = {
						CreatedOnToolsVersion = 10.1;
					};
					A185E19721E9B074003000F2 = {
						CreatedOnToolsVersion = 10.1;
						TestTargetID = A185E18321E9B071003000F2;
					};
					A185E1A221E9B074003000F2 = {
						CreatedOnToolsVersion = 10.1;
						TestTargetID = A185E18321E9B071003000F2;
					};
					A185E1F221E9C00A003000F2 = {
						CreatedOnToolsVersion = 10.1;
					};
					A185E1FA21E9C00A003000F2 = {
						CreatedOnToolsVersion = 10.1;
						TestTargetID = A185E18321E9B071003000F2;
					};
				};
			};
			buildConfigurationList = A185E17F21E9B071003000F2 /* Build configuration list for PBXProject "SampleArchitecture" */;
			compatibilityVersion = "Xcode 10.0";
			developmentRegion = en;
			hasScannedForEncodings = 0;
			knownRegions = (
				en,
				Base,
			);
			mainGroup = A185E17B21E9B071003000F2;
			productRefGroup = A185E18521E9B071003000F2 /* Products */;
			projectDirPath = "";
			projectRoot = "";
			targets = (
				A185E18321E9B071003000F2 /* SampleArchitecture */,
				A185E19721E9B074003000F2 /* SampleArchitectureTests */,
				A185E1A221E9B074003000F2 /* SampleArchitectureUITests */,
				A185E1F221E9C00A003000F2 /* SampleArchitectureDataLayer */,
				A185E1FA21E9C00A003000F2 /* SampleArchitectureDataLayerTests */,
			);
		};
/* End PBXProject section */

/* Begin PBXResourcesBuildPhase section */
		A185E18221E9B071003000F2 /* Resources */ = {
			isa = PBXResourcesBuildPhase;
			buildActionMask = 2147483647;
			files = (
				A185E19221E9B074003000F2 /* LaunchScreen.storyboard in Resources */,
				A185E18F21E9B074003000F2 /* Assets.xcassets in Resources */,
				A185E18D21E9B071003000F2 /* Main.storyboard in Resources */,
			);
			runOnlyForDeploymentPostprocessing = 0;
		};
		A185E19621E9B074003000F2 /* Resources */ = {
			isa = PBXResourcesBuildPhase;
			buildActionMask = 2147483647;
			files = (
			);
			runOnlyForDeploymentPostprocessing = 0;
		};
		A185E1A121E9B074003000F2 /* Resources */ = {
			isa = PBXResourcesBuildPhase;
			buildActionMask = 2147483647;
			files = (
			);
			runOnlyForDeploymentPostprocessing = 0;
		};
		A185E1F121E9C00A003000F2 /* Resources */ = {
			isa = PBXResourcesBuildPhase;
			buildActionMask = 2147483647;
			files = (
			);
			runOnlyForDeploymentPostprocessing = 0;
		};
		A185E1F921E9C00A003000F2 /* Resources */ = {
			isa = PBXResourcesBuildPhase;
			buildActionMask = 2147483647;
			files = (
			);
			runOnlyForDeploymentPostprocessing = 0;
		};
/* End PBXResourcesBuildPhase section */

/* Begin PBXShellScriptBuildPhase section */
		A185E1CA21E9B98F003000F2 /* Run Script Carthage */ = {
			isa = PBXShellScriptBuildPhase;
			buildActionMask = 2147483647;
			files = (
			);
			inputFileListPaths = (
			);
			inputPaths = (
				"$(SRCROOT)/Carthage/Build/iOS/RxSwift.framework",
				"$(SRCROOT)/Carthage/Build/iOS/RxCocoa.framework",
				"$(SRCROOT)/Carthage/Build/iOS/Alamofire.framework",
				"$(SRCROOT)/Carthage/Build/iOS/Result.framework",
				"$(SRCROOT)/Carthage/Build/iOS/Nuke.framework",
				"$(SRCROOT)/Carthage/Build/iOS/RxAtomic.framework",
				"$(SRCROOT)/Carthage/Build/iOS/RxMoya.framework",
				"$(SRCROOT)/Carthage/Build/iOS/Moya.framework",
				"$(SRCROOT)/Carthage/Build/iOS/RxNuke.framework",
				"$(SRCROOT)/Carthage/Build/iOS/SwiftyBeaver.framework",
			);
			name = "Run Script Carthage";
			outputFileListPaths = (
			);
			outputPaths = (
			);
			runOnlyForDeploymentPostprocessing = 0;
			shellPath = /bin/sh;
			shellScript = "# Type a script or drag a script file from your workspace to insert its path.\n/usr/local/bin/carthage copy-frameworks\n";
		};
/* End PBXShellScriptBuildPhase section */

/* Begin PBXSourcesBuildPhase section */
		A185E18021E9B071003000F2 /* Sources */ = {
			isa = PBXSourcesBuildPhase;
			buildActionMask = 2147483647;
			files = (
				A185E18A21E9B071003000F2 /* ViewController.swift in Sources */,
				A185E18821E9B071003000F2 /* AppDelegate.swift in Sources */,
			);
			runOnlyForDeploymentPostprocessing = 0;
		};
		A185E19421E9B074003000F2 /* Sources */ = {
			isa = PBXSourcesBuildPhase;
			buildActionMask = 2147483647;
			files = (
				A185E19D21E9B074003000F2 /* sample_architectureTests.swift in Sources */,
			);
			runOnlyForDeploymentPostprocessing = 0;
		};
		A185E19F21E9B074003000F2 /* Sources */ = {
			isa = PBXSourcesBuildPhase;
			buildActionMask = 2147483647;
			files = (
				A185E1A821E9B074003000F2 /* sample_architectureUITests.swift in Sources */,
			);
			runOnlyForDeploymentPostprocessing = 0;
		};
		A185E1EF21E9C00A003000F2 /* Sources */ = {
			isa = PBXSourcesBuildPhase;
			buildActionMask = 2147483647;
			files = (
			);
			runOnlyForDeploymentPostprocessing = 0;
		};
		A185E1F721E9C00A003000F2 /* Sources */ = {
			isa = PBXSourcesBuildPhase;
			buildActionMask = 2147483647;
			files = (
				A185E20321E9C00A003000F2 /* SampleArchitectureDataLayerTests.swift in Sources */,
			);
			runOnlyForDeploymentPostprocessing = 0;
		};
/* End PBXSourcesBuildPhase section */

/* Begin PBXTargetDependency section */
		A185E19A21E9B074003000F2 /* PBXTargetDependency */ = {
			isa = PBXTargetDependency;
			target = A185E18321E9B071003000F2 /* SampleArchitecture */;
			targetProxy = A185E19921E9B074003000F2 /* PBXContainerItemProxy */;
		};
		A185E1A521E9B074003000F2 /* PBXTargetDependency */ = {
			isa = PBXTargetDependency;
			target = A185E18321E9B071003000F2 /* SampleArchitecture */;
			targetProxy = A185E1A421E9B074003000F2 /* PBXContainerItemProxy */;
		};
		A185E1FE21E9C00A003000F2 /* PBXTargetDependency */ = {
			isa = PBXTargetDependency;
			target = A185E1F221E9C00A003000F2 /* SampleArchitectureDataLayer */;
			targetProxy = A185E1FD21E9C00A003000F2 /* PBXContainerItemProxy */;
		};
		A185E20021E9C00A003000F2 /* PBXTargetDependency */ = {
			isa = PBXTargetDependency;
			target = A185E18321E9B071003000F2 /* SampleArchitecture */;
			targetProxy = A185E1FF21E9C00A003000F2 /* PBXContainerItemProxy */;
		};
		A185E20721E9C00A003000F2 /* PBXTargetDependency */ = {
			isa = PBXTargetDependency;
			target = A185E1F221E9C00A003000F2 /* SampleArchitectureDataLayer */;
			targetProxy = A185E20621E9C00A003000F2 /* PBXContainerItemProxy */;
		};
/* End PBXTargetDependency section */

/* Begin PBXVariantGroup section */
		A185E18B21E9B071003000F2 /* Main.storyboard */ = {
			isa = PBXVariantGroup;
			children = (
				A185E18C21E9B071003000F2 /* Base */,
			);
			name = Main.storyboard;
			sourceTree = "<group>";
		};
		A185E19021E9B074003000F2 /* LaunchScreen.storyboard */ = {
			isa = PBXVariantGroup;
			children = (
				A185E19121E9B074003000F2 /* Base */,
			);
			name = LaunchScreen.storyboard;
			sourceTree = "<group>";
		};
/* End PBXVariantGroup section */

/* Begin XCBuildConfiguration section */
		A185E1AA21E9B074003000F2 /* Debug */ = {
			isa = XCBuildConfiguration;
			buildSettings = {
				ALWAYS_SEARCH_USER_PATHS = NO;
				CLANG_ANALYZER_NONNULL = YES;
				CLANG_ANALYZER_NUMBER_OBJECT_CONVERSION = YES_AGGRESSIVE;
				CLANG_CXX_LANGUAGE_STANDARD = "gnu++14";
				CLANG_CXX_LIBRARY = "libc++";
				CLANG_ENABLE_MODULES = YES;
				CLANG_ENABLE_OBJC_ARC = YES;
				CLANG_ENABLE_OBJC_WEAK = YES;
				CLANG_WARN_BLOCK_CAPTURE_AUTORELEASING = YES;
				CLANG_WARN_BOOL_CONVERSION = YES;
				CLANG_WARN_COMMA = YES;
				CLANG_WARN_CONSTANT_CONVERSION = YES;
				CLANG_WARN_DEPRECATED_OBJC_IMPLEMENTATIONS = YES;
				CLANG_WARN_DIRECT_OBJC_ISA_USAGE = YES_ERROR;
				CLANG_WARN_DOCUMENTATION_COMMENTS = YES;
				CLANG_WARN_EMPTY_BODY = YES;
				CLANG_WARN_ENUM_CONVERSION = YES;
				CLANG_WARN_INFINITE_RECURSION = YES;
				CLANG_WARN_INT_CONVERSION = YES;
				CLANG_WARN_NON_LITERAL_NULL_CONVERSION = YES;
				CLANG_WARN_OBJC_IMPLICIT_RETAIN_SELF = YES;
				CLANG_WARN_OBJC_LITERAL_CONVERSION = YES;
				CLANG_WARN_OBJC_ROOT_CLASS = YES_ERROR;
				CLANG_WARN_RANGE_LOOP_ANALYSIS = YES;
				CLANG_WARN_STRICT_PROTOTYPES = YES;
				CLANG_WARN_SUSPICIOUS_MOVE = YES;
				CLANG_WARN_UNGUARDED_AVAILABILITY = YES_AGGRESSIVE;
				CLANG_WARN_UNREACHABLE_CODE = YES;
				CLANG_WARN__DUPLICATE_METHOD_MATCH = YES;
				CODE_SIGN_IDENTITY = "iPhone Developer";
				COPY_PHASE_STRIP = NO;
				DEBUG_INFORMATION_FORMAT = dwarf;
				ENABLE_STRICT_OBJC_MSGSEND = YES;
				ENABLE_TESTABILITY = YES;
				GCC_C_LANGUAGE_STANDARD = gnu11;
				GCC_DYNAMIC_NO_PIC = NO;
				GCC_NO_COMMON_BLOCKS = YES;
				GCC_OPTIMIZATION_LEVEL = 0;
				GCC_PREPROCESSOR_DEFINITIONS = (
					"DEBUG=1",
					"$(inherited)",
				);
				GCC_WARN_64_TO_32_BIT_CONVERSION = YES;
				GCC_WARN_ABOUT_RETURN_TYPE = YES_ERROR;
				GCC_WARN_UNDECLARED_SELECTOR = YES;
				GCC_WARN_UNINITIALIZED_AUTOS = YES_AGGRESSIVE;
				GCC_WARN_UNUSED_FUNCTION = YES;
				GCC_WARN_UNUSED_VARIABLE = YES;
				IPHONEOS_DEPLOYMENT_TARGET = 12.1;
				MTL_ENABLE_DEBUG_INFO = INCLUDE_SOURCE;
				MTL_FAST_MATH = YES;
				ONLY_ACTIVE_ARCH = YES;
				SDKROOT = iphoneos;
				SWIFT_ACTIVE_COMPILATION_CONDITIONS = DEBUG;
				SWIFT_OPTIMIZATION_LEVEL = "-Onone";
			};
			name = Debug;
		};
		A185E1AB21E9B074003000F2 /* Release */ = {
			isa = XCBuildConfiguration;
			buildSettings = {
				ALWAYS_SEARCH_USER_PATHS = NO;
				CLANG_ANALYZER_NONNULL = YES;
				CLANG_ANALYZER_NUMBER_OBJECT_CONVERSION = YES_AGGRESSIVE;
				CLANG_CXX_LANGUAGE_STANDARD = "gnu++14";
				CLANG_CXX_LIBRARY = "libc++";
				CLANG_ENABLE_MODULES = YES;
				CLANG_ENABLE_OBJC_ARC = YES;
				CLANG_ENABLE_OBJC_WEAK = YES;
				CLANG_WARN_BLOCK_CAPTURE_AUTORELEASING = YES;
				CLANG_WARN_BOOL_CONVERSION = YES;
				CLANG_WARN_COMMA = YES;
				CLANG_WARN_CONSTANT_CONVERSION = YES;
				CLANG_WARN_DEPRECATED_OBJC_IMPLEMENTATIONS = YES;
				CLANG_WARN_DIRECT_OBJC_ISA_USAGE = YES_ERROR;
				CLANG_WARN_DOCUMENTATION_COMMENTS = YES;
				CLANG_WARN_EMPTY_BODY = YES;
				CLANG_WARN_ENUM_CONVERSION = YES;
				CLANG_WARN_INFINITE_RECURSION = YES;
				CLANG_WARN_INT_CONVERSION = YES;
				CLANG_WARN_NON_LITERAL_NULL_CONVERSION = YES;
				CLANG_WARN_OBJC_IMPLICIT_RETAIN_SELF = YES;
				CLANG_WARN_OBJC_LITERAL_CONVERSION = YES;
				CLANG_WARN_OBJC_ROOT_CLASS = YES_ERROR;
				CLANG_WARN_RANGE_LOOP_ANALYSIS = YES;
				CLANG_WARN_STRICT_PROTOTYPES = YES;
				CLANG_WARN_SUSPICIOUS_MOVE = YES;
				CLANG_WARN_UNGUARDED_AVAILABILITY = YES_AGGRESSIVE;
				CLANG_WARN_UNREACHABLE_CODE = YES;
				CLANG_WARN__DUPLICATE_METHOD_MATCH = YES;
				CODE_SIGN_IDENTITY = "iPhone Developer";
				COPY_PHASE_STRIP = NO;
				DEBUG_INFORMATION_FORMAT = "dwarf-with-dsym";
				ENABLE_NS_ASSERTIONS = NO;
				ENABLE_STRICT_OBJC_MSGSEND = YES;
				GCC_C_LANGUAGE_STANDARD = gnu11;
				GCC_NO_COMMON_BLOCKS = YES;
				GCC_WARN_64_TO_32_BIT_CONVERSION = YES;
				GCC_WARN_ABOUT_RETURN_TYPE = YES_ERROR;
				GCC_WARN_UNDECLARED_SELECTOR = YES;
				GCC_WARN_UNINITIALIZED_AUTOS = YES_AGGRESSIVE;
				GCC_WARN_UNUSED_FUNCTION = YES;
				GCC_WARN_UNUSED_VARIABLE = YES;
				IPHONEOS_DEPLOYMENT_TARGET = 12.1;
				MTL_ENABLE_DEBUG_INFO = NO;
				MTL_FAST_MATH = YES;
				SDKROOT = iphoneos;
				SWIFT_COMPILATION_MODE = wholemodule;
				SWIFT_OPTIMIZATION_LEVEL = "-O";
				VALIDATE_PRODUCT = YES;
			};
			name = Release;
		};
		A185E1AD21E9B074003000F2 /* Debug */ = {
			isa = XCBuildConfiguration;
			buildSettings = {
				ASSETCATALOG_COMPILER_APPICON_NAME = AppIcon;
				CODE_SIGN_STYLE = Automatic;
				DEVELOPMENT_TEAM = 35T2DQ975S;
				FRAMEWORK_SEARCH_PATHS = (
					"$(inherited)",
					"$(PROJECT_DIR)/Carthage/Build/iOS",
				);
				INFOPLIST_FILE = "$(SRCROOT)/SampleArchitecture/Info.plist";
				LD_RUNPATH_SEARCH_PATHS = (
					"$(inherited)",
					"@executable_path/Frameworks",
				);
				PRODUCT_BUNDLE_IDENTIFIER = "net.tosaka.sample-architecture";
				PRODUCT_NAME = "$(TARGET_NAME)";
				SWIFT_VERSION = 4.2;
				TARGETED_DEVICE_FAMILY = "1,2";
			};
			name = Debug;
		};
		A185E1AE21E9B074003000F2 /* Release */ = {
			isa = XCBuildConfiguration;
			buildSettings = {
				ASSETCATALOG_COMPILER_APPICON_NAME = AppIcon;
				CODE_SIGN_STYLE = Automatic;
				DEVELOPMENT_TEAM = 35T2DQ975S;
				FRAMEWORK_SEARCH_PATHS = (
					"$(inherited)",
					"$(PROJECT_DIR)/Carthage/Build/iOS",
				);
				INFOPLIST_FILE = "$(SRCROOT)/SampleArchitecture/Info.plist";
				LD_RUNPATH_SEARCH_PATHS = (
					"$(inherited)",
					"@executable_path/Frameworks",
				);
				PRODUCT_BUNDLE_IDENTIFIER = "net.tosaka.sample-architecture";
				PRODUCT_NAME = "$(TARGET_NAME)";
				SWIFT_VERSION = 4.2;
				TARGETED_DEVICE_FAMILY = "1,2";
			};
			name = Release;
		};
		A185E1B021E9B074003000F2 /* Debug */ = {
			isa = XCBuildConfiguration;
			buildSettings = {
				ALWAYS_EMBED_SWIFT_STANDARD_LIBRARIES = YES;
				BUNDLE_LOADER = "$(TEST_HOST)";
				CODE_SIGN_STYLE = Automatic;
				DEVELOPMENT_TEAM = 35T2DQ975S;
				INFOPLIST_FILE = "sample-architectureTests/Info.plist";
				LD_RUNPATH_SEARCH_PATHS = (
					"$(inherited)",
					"@executable_path/Frameworks",
					"@loader_path/Frameworks",
				);
				PRODUCT_BUNDLE_IDENTIFIER = "net.tosaka.sample-architectureTests";
				PRODUCT_NAME = "$(TARGET_NAME)";
				SWIFT_VERSION = 4.2;
				TARGETED_DEVICE_FAMILY = "1,2";
				TEST_HOST = "$(BUILT_PRODUCTS_DIR)/SampleArchitecture.app/SampleArchitecture";
			};
			name = Debug;
		};
		A185E1B121E9B074003000F2 /* Release */ = {
			isa = XCBuildConfiguration;
			buildSettings = {
				ALWAYS_EMBED_SWIFT_STANDARD_LIBRARIES = YES;
				BUNDLE_LOADER = "$(TEST_HOST)";
				CODE_SIGN_STYLE = Automatic;
				DEVELOPMENT_TEAM = 35T2DQ975S;
				INFOPLIST_FILE = "sample-architectureTests/Info.plist";
				LD_RUNPATH_SEARCH_PATHS = (
					"$(inherited)",
					"@executable_path/Frameworks",
					"@loader_path/Frameworks",
				);
				PRODUCT_BUNDLE_IDENTIFIER = "net.tosaka.sample-architectureTests";
				PRODUCT_NAME = "$(TARGET_NAME)";
				SWIFT_VERSION = 4.2;
				TARGETED_DEVICE_FAMILY = "1,2";
				TEST_HOST = "$(BUILT_PRODUCTS_DIR)/SampleArchitecture.app/SampleArchitecture";
			};
			name = Release;
		};
		A185E1B321E9B074003000F2 /* Debug */ = {
			isa = XCBuildConfiguration;
			buildSettings = {
				ALWAYS_EMBED_SWIFT_STANDARD_LIBRARIES = YES;
				CODE_SIGN_STYLE = Automatic;
				DEVELOPMENT_TEAM = 35T2DQ975S;
				INFOPLIST_FILE = "sample-architectureUITests/Info.plist";
				LD_RUNPATH_SEARCH_PATHS = (
					"$(inherited)",
					"@executable_path/Frameworks",
					"@loader_path/Frameworks",
				);
				PRODUCT_BUNDLE_IDENTIFIER = "net.tosaka.sample-architectureUITests";
				PRODUCT_NAME = "$(TARGET_NAME)";
				SWIFT_VERSION = 4.2;
				TARGETED_DEVICE_FAMILY = "1,2";
				TEST_TARGET_NAME = "sample-architecture";
			};
			name = Debug;
		};
		A185E1B421E9B074003000F2 /* Release */ = {
			isa = XCBuildConfiguration;
			buildSettings = {
				ALWAYS_EMBED_SWIFT_STANDARD_LIBRARIES = YES;
				CODE_SIGN_STYLE = Automatic;
				DEVELOPMENT_TEAM = 35T2DQ975S;
				INFOPLIST_FILE = "sample-architectureUITests/Info.plist";
				LD_RUNPATH_SEARCH_PATHS = (
					"$(inherited)",
					"@executable_path/Frameworks",
					"@loader_path/Frameworks",
				);
				PRODUCT_BUNDLE_IDENTIFIER = "net.tosaka.sample-architectureUITests";
				PRODUCT_NAME = "$(TARGET_NAME)";
				SWIFT_VERSION = 4.2;
				TARGETED_DEVICE_FAMILY = "1,2";
				TEST_TARGET_NAME = "sample-architecture";
			};
			name = Release;
		};
		A185E20B21E9C00A003000F2 /* Debug */ = {
			isa = XCBuildConfiguration;
			buildSettings = {
				CODE_SIGN_IDENTITY = "";
				CODE_SIGN_STYLE = Automatic;
				CURRENT_PROJECT_VERSION = 1;
				DEFINES_MODULE = YES;
				DEVELOPMENT_TEAM = 35T2DQ975S;
				DYLIB_COMPATIBILITY_VERSION = 1;
				DYLIB_CURRENT_VERSION = 1;
				DYLIB_INSTALL_NAME_BASE = "@rpath";
				INFOPLIST_FILE = SampleArchitectureDataLayer/Info.plist;
				INSTALL_PATH = "$(LOCAL_LIBRARY_DIR)/Frameworks";
				LD_RUNPATH_SEARCH_PATHS = (
					"$(inherited)",
					"@executable_path/Frameworks",
					"@loader_path/Frameworks",
				);
				PRODUCT_BUNDLE_IDENTIFIER = net.tosaka.SampleArchitectureDataLayer;
				PRODUCT_NAME = "$(TARGET_NAME:c99extidentifier)";
				SKIP_INSTALL = YES;
				SWIFT_VERSION = 4.2;
				TARGETED_DEVICE_FAMILY = "1,2";
				VERSIONING_SYSTEM = "apple-generic";
				VERSION_INFO_PREFIX = "";
			};
			name = Debug;
		};
		A185E20C21E9C00A003000F2 /* Release */ = {
			isa = XCBuildConfiguration;
			buildSettings = {
				CODE_SIGN_IDENTITY = "";
				CODE_SIGN_STYLE = Automatic;
				CURRENT_PROJECT_VERSION = 1;
				DEFINES_MODULE = YES;
				DEVELOPMENT_TEAM = 35T2DQ975S;
				DYLIB_COMPATIBILITY_VERSION = 1;
				DYLIB_CURRENT_VERSION = 1;
				DYLIB_INSTALL_NAME_BASE = "@rpath";
				INFOPLIST_FILE = SampleArchitectureDataLayer/Info.plist;
				INSTALL_PATH = "$(LOCAL_LIBRARY_DIR)/Frameworks";
				LD_RUNPATH_SEARCH_PATHS = (
					"$(inherited)",
					"@executable_path/Frameworks",
					"@loader_path/Frameworks",
				);
				PRODUCT_BUNDLE_IDENTIFIER = net.tosaka.SampleArchitectureDataLayer;
				PRODUCT_NAME = "$(TARGET_NAME:c99extidentifier)";
				SKIP_INSTALL = YES;
				SWIFT_VERSION = 4.2;
				TARGETED_DEVICE_FAMILY = "1,2";
				VERSIONING_SYSTEM = "apple-generic";
				VERSION_INFO_PREFIX = "";
			};
			name = Release;
		};
		A185E20E21E9C00A003000F2 /* Debug */ = {
			isa = XCBuildConfiguration;
			buildSettings = {
				ALWAYS_EMBED_SWIFT_STANDARD_LIBRARIES = YES;
				CODE_SIGN_STYLE = Automatic;
				DEVELOPMENT_TEAM = 35T2DQ975S;
				INFOPLIST_FILE = SampleArchitectureDataLayerTests/Info.plist;
				LD_RUNPATH_SEARCH_PATHS = (
					"$(inherited)",
					"@executable_path/Frameworks",
					"@loader_path/Frameworks",
				);
				PRODUCT_BUNDLE_IDENTIFIER = net.tosaka.SampleArchitectureDataLayerTests;
				PRODUCT_NAME = "$(TARGET_NAME)";
				SWIFT_VERSION = 4.2;
				TARGETED_DEVICE_FAMILY = "1,2";
				TEST_HOST = "$(BUILT_PRODUCTS_DIR)/SampleArchitecture.app/SampleArchitecture";
			};
			name = Debug;
		};
		A185E20F21E9C00A003000F2 /* Release */ = {
			isa = XCBuildConfiguration;
			buildSettings = {
				ALWAYS_EMBED_SWIFT_STANDARD_LIBRARIES = YES;
				CODE_SIGN_STYLE = Automatic;
				DEVELOPMENT_TEAM = 35T2DQ975S;
				INFOPLIST_FILE = SampleArchitectureDataLayerTests/Info.plist;
				LD_RUNPATH_SEARCH_PATHS = (
					"$(inherited)",
					"@executable_path/Frameworks",
					"@loader_path/Frameworks",
				);
				PRODUCT_BUNDLE_IDENTIFIER = net.tosaka.SampleArchitectureDataLayerTests;
				PRODUCT_NAME = "$(TARGET_NAME)";
				SWIFT_VERSION = 4.2;
				TARGETED_DEVICE_FAMILY = "1,2";
				TEST_HOST = "$(BUILT_PRODUCTS_DIR)/SampleArchitecture.app/SampleArchitecture";
			};
			name = Release;
		};
/* End XCBuildConfiguration section */

/* Begin XCConfigurationList section */
		A185E17F21E9B071003000F2 /* Build configuration list for PBXProject "SampleArchitecture" */ = {
			isa = XCConfigurationList;
			buildConfigurations = (
				A185E1AA21E9B074003000F2 /* Debug */,
				A185E1AB21E9B074003000F2 /* Release */,
			);
			defaultConfigurationIsVisible = 0;
			defaultConfigurationName = Release;
		};
		A185E1AC21E9B074003000F2 /* Build configuration list for PBXNativeTarget "SampleArchitecture" */ = {
			isa = XCConfigurationList;
			buildConfigurations = (
				A185E1AD21E9B074003000F2 /* Debug */,
				A185E1AE21E9B074003000F2 /* Release */,
			);
			defaultConfigurationIsVisible = 0;
			defaultConfigurationName = Release;
		};
		A185E1AF21E9B074003000F2 /* Build configuration list for PBXNativeTarget "SampleArchitectureTests" */ = {
			isa = XCConfigurationList;
			buildConfigurations = (
				A185E1B021E9B074003000F2 /* Debug */,
				A185E1B121E9B074003000F2 /* Release */,
			);
			defaultConfigurationIsVisible = 0;
			defaultConfigurationName = Release;
		};
		A185E1B221E9B074003000F2 /* Build configuration list for PBXNativeTarget "SampleArchitectureUITests" */ = {
			isa = XCConfigurationList;
			buildConfigurations = (
				A185E1B321E9B074003000F2 /* Debug */,
				A185E1B421E9B074003000F2 /* Release */,
			);
			defaultConfigurationIsVisible = 0;
			defaultConfigurationName = Release;
		};
		A185E20A21E9C00A003000F2 /* Build configuration list for PBXNativeTarget "SampleArchitectureDataLayer" */ = {
			isa = XCConfigurationList;
			buildConfigurations = (
				A185E20B21E9C00A003000F2 /* Debug */,
				A185E20C21E9C00A003000F2 /* Release */,
			);
			defaultConfigurationIsVisible = 0;
			defaultConfigurationName = Release;
		};
		A185E20D21E9C00A003000F2 /* Build configuration list for PBXNativeTarget "SampleArchitectureDataLayerTests" */ = {
			isa = XCConfigurationList;
			buildConfigurations = (
				A185E20E21E9C00A003000F2 /* Debug */,
				A185E20F21E9C00A003000F2 /* Release */,
			);
			defaultConfigurationIsVisible = 0;
			defaultConfigurationName = Release;
		};
/* End XCConfigurationList section */
	};
	rootObject = A185E17C21E9B071003000F2 /* Project object */;
}
